
Microsoft Visual Studio Solution File, Format Version 12.00
# Visual Studio Version 17
VisualStudioVersion = 17.4.33122.133
MinimumVisualStudioVersion = 10.0.40219.1
Project("{FAE04EC0-301F-11D3-BF4B-00C04F79EFBC}") = "DataVisualizer.Contract", "DataVisualizer.Contract\DataVisualizer.Contract.csproj", "{73F302CD-D734-4033-A898-AE82529E4CA9}"
EndProject
Project("{FAE04EC0-301F-11D3-BF4B-00C04F79EFBC}") = "DataVisualizer.WinformViewer", "DataVisualizer.WinformViewer\DataVisualizer.WinformViewer.csproj", "{A25DE4AB-BCBE-41F6-9190-04CC340367E2}"
EndProject
Global
	GlobalSection(SolutionConfigurationPlatforms) = preSolution
		Debug|Any CPU = Debug|Any CPU
		Release|Any CPU = Release|Any CPU
	EndGlobalSection
	GlobalSection(ProjectConfigurationPlatforms) = postSolution
		{73F302CD-D734-4033-A898-AE82529E4CA9}.Debug|Any CPU.ActiveCfg = Debug|Any CPU
		{73F302CD-D734-4033-A898-AE82529E4CA9}.Debug|Any CPU.Build.0 = Debug|Any CPU
		{73F302CD-D734-4033-A898-AE82529E4CA9}.Release|Any CPU.ActiveCfg = Release|Any CPU
		{73F302CD-D734-4033-A898-AE82529E4CA9}.Release|Any CPU.Build.0 = Release|Any CPU
		{A25DE4AB-BCBE-41F6-9190-04CC340367E2}.Debug|Any CPU.ActiveCfg = Debug|Any CPU
		{A25DE4AB-BCBE-41F6-9190-04CC340367E2}.Debug|Any CPU.Build.0 = Debug|Any CPU
		{A25DE4AB-BCBE-41F6-9190-04CC340367E2}.Release|Any CPU.ActiveCfg = Release|Any CPU
		{A25DE4AB-BCBE-41F6-9190-04CC340367E2}.Release|Any CPU.Build.0 = Release|Any CPU
	EndGlobalSection
	GlobalSection(SolutionProperties) = preSolution
		HideSolutionNode = FALSE
	EndGlobalSection
	GlobalSection(ExtensibilityGlobals) = postSolution
		SolutionGuid = {45B5EF70-E4D2-4A57-9546-B965DC6F08F2}
	EndGlobalSection
EndGlobal
